github.com/davecgh/go-spew v1.1.1 h1:vj9j/u1bqnvCEfJOwUhtlOARqs3+rkHYY13jYWTU97c=
github.com/davecgh/go-spew v1.1.1/go.mod h1:J7Y8YcW2NihsgmVo/mv3lAwl/skON4iLHjSsI+c5H38=
github.com/francoispqt/gojay v0.0.0-20181018093702-688c5d008625 h1:uhhBCKCbZlCe/jESjdgjGfHxnjC0cXyf/M0EmyenOpg=
github.com/francoispqt/gojay v0.0.0-20181018093702-688c5d008625/go.mod h1:H8Wgri1Asi1VevY3ySdpIK5+KCpqzToVswNq8g2xZj4=
github.com/francoispqt/onelog v0.0.0-20181018141347-eb9cb127e764 h1:zruWflCw1EHkg2cS7qP8qmUQ42e6/EQLR8npm2pwiQE=
github.com/francoispqt/onelog v0.0.0-20181018141347-eb9cb127e764/go.mod h1:YawD7stzYj2osdt+5afKe//+bGLd3mdDtYFxsYiY118=
github.com/pmezard/go-difflib v1.0.0 h1:4DBwDE0NGyQoBHbLQYPwSUPoCMWR5BEzIk/f1lZbAQM=
github.com/pmezard/go-difflib v1.0.0/go.mod h1:iKH77koFhYxTK1pcRnkKkqfTogsbg7gZNVY4sRDYZ/4=
github.com/stretchr/testify v1.2.2 h1:bSDNvY7ZPG5RlJ8otE/7V6gMiyenm9RtJ7IUVIAoJ1w=
github.com/stretchr/testify v1.2.2/go.mod h1:a8OnRcib4nhh0OaRAV+Yts87kKdq0PP7pXfy6kDkUVs=
