# This file is autogenerated, do not edit; changes may be undone by the next 'dep ensure'.


[[projects]]
  name = "github.com/francoispqt/gojay"
  packages = ["."]
  revision = "6614f5b29388bba644bfdbc36cc3d62b42459d09"
  version = "0.10.6"

[solve-meta]
  analyzer-name = "dep"
  analyzer-version = 1
  inputs-digest = "71ff7ac9cfc31a48fad99c34cc13e0d41e8d73d5acd062c1401b8bc9c2abbc9c"
  solver-name = "gps-cdcl"
  solver-version = 1
