# This file is autogenerated, do not edit; changes may be undone by the next 'dep ensure'.

[[projects]]
  name = "github.com/francoispqt/gojay"
  packages = ["."]
  revision = "7a565adc8b519c6b40a3016bea655a24261bcc90"
  version = "0.10.5"

[solve-meta]
  analyzer-name = "dep"
  analyzer-version = 1
  inputs-digest = "b31e032579ddd3be34be283ed1e9226087577614750c3bf6e568838c8e891feb"
  solver-name = "gps-cdcl"
  solver-version = 1
